
Microsoft Visual Studio Solution File, Format Version 12.00
# Visual Studio Version 17
VisualStudioVersion = 17.2.32526.322
MinimumVisualStudioVersion = 10.0.40219.1
Project("{FAE04EC0-301F-11D3-BF4B-00C04F79EFBC}") = "Web-Application-2", "Web-Application-2\Web-Application-2.csproj", "{87370E32-8A86-4626-9561-85BED37950CC}"
EndProject
Global
	GlobalSection(SolutionConfigurationPlatforms) = preSolution
		Debug|Any CPU = Debug|Any CPU
		Release|Any CPU = Release|Any CPU
	EndGlobalSection
	GlobalSection(ProjectConfigurationPlatforms) = postSolution
		{87370E32-8A86-4626-9561-85BED37950CC}.Debug|Any CPU.ActiveCfg = Debug|Any CPU
		{87370E32-8A86-4626-9561-85BED37950CC}.Debug|Any CPU.Build.0 = Debug|Any CPU
		{87370E32-8A86-4626-9561-85BED37950CC}.Release|Any CPU.ActiveCfg = Release|Any CPU
		{87370E32-8A86-4626-9561-85BED37950CC}.Release|Any CPU.Build.0 = Release|Any CPU
	EndGlobalSection
	GlobalSection(SolutionProperties) = preSolution
		HideSolutionNode = FALSE
	EndGlobalSection
	GlobalSection(ExtensibilityGlobals) = postSolution
		SolutionGuid = {5AB65207-BEEF-4772-8640-635A663337CC}
	EndGlobalSection
EndGlobal
