
Microsoft Visual Studio Solution File, Format Version 12.00
# Visual Studio Version 17
VisualStudioVersion = 17.2.32526.322
MinimumVisualStudioVersion = 10.0.40219.1
Project("{FAE04EC0-301F-11D3-BF4B-00C04F79EFBC}") = "Web-Application-1", "Web-Application-1\Web-Application-1.csproj", "{DD718BA0-6FB9-4322-A8C4-D9E6105878B0}"
EndProject
Global
	GlobalSection(SolutionConfigurationPlatforms) = preSolution
		Debug|Any CPU = Debug|Any CPU
		Release|Any CPU = Release|Any CPU
	EndGlobalSection
	GlobalSection(ProjectConfigurationPlatforms) = postSolution
		{DD718BA0-6FB9-4322-A8C4-D9E6105878B0}.Debug|Any CPU.ActiveCfg = Debug|Any CPU
		{DD718BA0-6FB9-4322-A8C4-D9E6105878B0}.Debug|Any CPU.Build.0 = Debug|Any CPU
		{DD718BA0-6FB9-4322-A8C4-D9E6105878B0}.Release|Any CPU.ActiveCfg = Release|Any CPU
		{DD718BA0-6FB9-4322-A8C4-D9E6105878B0}.Release|Any CPU.Build.0 = Release|Any CPU
	EndGlobalSection
	GlobalSection(SolutionProperties) = preSolution
		HideSolutionNode = FALSE
	EndGlobalSection
	GlobalSection(ExtensibilityGlobals) = postSolution
		SolutionGuid = {BA543975-0C8A-43A9-BD89-74CF71029DBD}
	EndGlobalSection
EndGlobal
